// !$*UTF8*$!
{
	archiveVersion = 1;
	classes = {
	};
	objectVersion = 46;
	objects = {

/* Begin PBXBuildFile section */
		2B1B6EC4FB3646D590086C1C /* libPods-TNSDateInitializerDemoTests.a in Frameworks */ = {isa = PBXBuildFile; fileRef = 15E15F885F554CDDA17E444B /* libPods-TNSDateInitializerDemoTests.a */; };
		B1EEA08D18B5C55A00300D5A /* Foundation.framework in Frameworks */ = {isa = PBXBuildFile; fileRef = B1EEA08C18B5C55A00300D5A /* Foundation.framework */; };
		B1EEA08F18B5C55A00300D5A /* CoreGraphics.framework in Frameworks */ = {isa = PBXBuildFile; fileRef = B1EEA08E18B5C55A00300D5A /* CoreGraphics.framework */; };
		B1EEA09118B5C55A00300D5A /* UIKit.framework in Frameworks */ = {isa = PBXBuildFile; fileRef = B1EEA09018B5C55A00300D5A /* UIKit.framework */; };
		B1EEA09718B5C55A00300D5A /* InfoPlist.strings in Resources */ = {isa = PBXBuildFile; fileRef = B1EEA09518B5C55A00300D5A /* InfoPlist.strings */; };
		B1EEA09918B5C55A00300D5A /* main.m in Sources */ = {isa = PBXBuildFile; fileRef = B1EEA09818B5C55A00300D5A /* main.m */; };
		B1EEA09D18B5C55A00300D5A /* AppDelegate.m in Sources */ = {isa = PBXBuildFile; fileRef = B1EEA09C18B5C55A00300D5A /* AppDelegate.m */; };
		B1EEA0A018B5C55A00300D5A /* Main.storyboard in Resources */ = {isa = PBXBuildFile; fileRef = B1EEA09E18B5C55A00300D5A /* Main.storyboard */; };
		B1EEA0A318B5C55A00300D5A /* ViewController.m in Sources */ = {isa = PBXBuildFile; fileRef = B1EEA0A218B5C55A00300D5A /* ViewController.m */; };
		B1EEA0A518B5C55A00300D5A /* Images.xcassets in Resources */ = {isa = PBXBuildFile; fileRef = B1EEA0A418B5C55A00300D5A /* Images.xcassets */; };
		B1EEA0AC18B5C55A00300D5A /* XCTest.framework in Frameworks */ = {isa = PBXBuildFile; fileRef = B1EEA0AB18B5C55A00300D5A /* XCTest.framework */; };
		B1EEA0AD18B5C55A00300D5A /* Foundation.framework in Frameworks */ = {isa = PBXBuildFile; fileRef = B1EEA08C18B5C55A00300D5A /* Foundation.framework */; };
		B1EEA0AE18B5C55A00300D5A /* UIKit.framework in Frameworks */ = {isa = PBXBuildFile; fileRef = B1EEA09018B5C55A00300D5A /* UIKit.framework */; };
		B1EEA0B618B5C55A00300D5A /* InfoPlist.strings in Resources */ = {isa = PBXBuildFile; fileRef = B1EEA0B418B5C55A00300D5A /* InfoPlist.strings */; };
		C273740BF3534453B8A6FDBF /* libPods-TNSDateInitializerDemo.a in Frameworks */ = {isa = PBXBuildFile; fileRef = 60CD96CE3707495DA656B351 /* libPods-TNSDateInitializerDemo.a */; };
		CB7B762A34279ACB850C9763 /* TNSDateInitializerSpec.m in Sources */ = {isa = PBXBuildFile; fileRef = CB7B760A47AF7AFC82117082 /* TNSDateInitializerSpec.m */; };
/* End PBXBuildFile section */

/* Begin PBXContainerItemProxy section */
		B1EEA0AF18B5C55A00300D5A /* PBXContainerItemProxy */ = {
			isa = PBXContainerItemProxy;
			containerPortal = B1EEA08118B5C55A00300D5A /* Project object */;
			proxyType = 1;
			remoteGlobalIDString = B1EEA08818B5C55A00300D5A;
			remoteInfo = TNSDateInitializerDemo;
		};
/* End PBXContainerItemProxy section */

/* Begin PBXFileReference section */
		15E15F885F554CDDA17E444B /* libPods-TNSDateInitializerDemoTests.a */ = {isa = PBXFileReference; explicitFileType = archive.ar; includeInIndex = 0; path = "libPods-TNSDateInitializerDemoTests.a"; sourceTree = BUILT_PRODUCTS_DIR; };
		60CD96CE3707495DA656B351 /* libPods-TNSDateInitializerDemo.a */ = {isa = PBXFileReference; explicitFileType = archive.ar; includeInIndex = 0; path = "libPods-TNSDateInitializerDemo.a"; sourceTree = BUILT_PRODUCTS_DIR; };
		84A4EC4B39F24D61AE0E1CB9 /* Pods-TNSDateInitializerDemoTests.xcconfig */ = {isa = PBXFileReference; includeInIndex = 1; lastKnownFileType = text.xcconfig; name = "Pods-TNSDateInitializerDemoTests.xcconfig"; path = "Pods/Pods-TNSDateInitializerDemoTests.xcconfig"; sourceTree = "<group>"; };
		B1EEA08918B5C55A00300D5A /* TNSDateInitializerDemo.app */ = {isa = PBXFileReference; explicitFileType = wrapper.application; includeInIndex = 0; path = TNSDateInitializerDemo.app; sourceTree = BUILT_PRODUCTS_DIR; };
		B1EEA08C18B5C55A00300D5A /* Foundation.framework */ = {isa = PBXFileReference; lastKnownFileType = wrapper.framework; name = Foundation.framework; path = System/Library/Frameworks/Foundation.framework; sourceTree = SDKROOT; };
		B1EEA08E18B5C55A00300D5A /* CoreGraphics.framework */ = {isa = PBXFileReference; lastKnownFileType = wrapper.framework; name = CoreGraphics.framework; path = System/Library/Frameworks/CoreGraphics.framework; sourceTree = SDKROOT; };
		B1EEA09018B5C55A00300D5A /* UIKit.framework */ = {isa = PBXFileReference; lastKnownFileType = wrapper.framework; name = UIKit.framework; path = System/Library/Frameworks/UIKit.framework; sourceTree = SDKROOT; };
		B1EEA09418B5C55A00300D5A /* TNSDateInitializerDemo-Info.plist */ = {isa = PBXFileReference; lastKnownFileType = text.plist.xml; path = "TNSDateInitializerDemo-Info.plist"; sourceTree = "<group>"; };
		B1EEA09618B5C55A00300D5A /* en */ = {isa = PBXFileReference; lastKnownFileType = text.plist.strings; name = en; path = en.lproj/InfoPlist.strings; sourceTree = "<group>"; };
		B1EEA09818B5C55A00300D5A /* main.m */ = {isa = PBXFileReference; lastKnownFileType = sourcecode.c.objc; path = main.m; sourceTree = "<group>"; };
		B1EEA09A18B5C55A00300D5A /* TNSDateInitializerDemo-Prefix.pch */ = {isa = PBXFileReference; lastKnownFileType = sourcecode.c.h; path = "TNSDateInitializerDemo-Prefix.pch"; sourceTree = "<group>"; };
		B1EEA09B18B5C55A00300D5A /* AppDelegate.h */ = {isa = PBXFileReference; lastKnownFileType = sourcecode.c.h; path = AppDelegate.h; sourceTree = "<group>"; };
		B1EEA09C18B5C55A00300D5A /* AppDelegate.m */ = {isa = PBXFileReference; lastKnownFileType = sourcecode.c.objc; path = AppDelegate.m; sourceTree = "<group>"; };
		B1EEA09F18B5C55A00300D5A /* Base */ = {isa = PBXFileReference; lastKnownFileType = file.storyboard; name = Base; path = Base.lproj/Main.storyboard; sourceTree = "<group>"; };
		B1EEA0A118B5C55A00300D5A /* ViewController.h */ = {isa = PBXFileReference; lastKnownFileType = sourcecode.c.h; path = ViewController.h; sourceTree = "<group>"; };
		B1EEA0A218B5C55A00300D5A /* ViewController.m */ = {isa = PBXFileReference; lastKnownFileType = sourcecode.c.objc; path = ViewController.m; sourceTree = "<group>"; };
		B1EEA0A418B5C55A00300D5A /* Images.xcassets */ = {isa = PBXFileReference; lastKnownFileType = folder.assetcatalog; path = Images.xcassets; sourceTree = "<group>"; };
		B1EEA0AA18B5C55A00300D5A /* TNSDateInitializerDemoTests.xctest */ = {isa = PBXFileReference; explicitFileType = wrapper.cfbundle; includeInIndex = 0; path = TNSDateInitializerDemoTests.xctest; sourceTree = BUILT_PRODUCTS_DIR; };
		B1EEA0AB18B5C55A00300D5A /* XCTest.framework */ = {isa = PBXFileReference; lastKnownFileType = wrapper.framework; name = XCTest.framework; path = Library/Frameworks/XCTest.framework; sourceTree = DEVELOPER_DIR; };
		B1EEA0B318B5C55A00300D5A /* TNSDateInitializerDemoTests-Info.plist */ = {isa = PBXFileReference; lastKnownFileType = text.plist.xml; path = "TNSDateInitializerDemoTests-Info.plist"; sourceTree = "<group>"; };
		B1EEA0B518B5C55A00300D5A /* en */ = {isa = PBXFileReference; lastKnownFileType = text.plist.strings; name = en; path = en.lproj/InfoPlist.strings; sourceTree = "<group>"; };
		B6FE6B7A113342AB8F2C300F /* Pods-TNSDateInitializerDemo.xcconfig */ = {isa = PBXFileReference; includeInIndex = 1; lastKnownFileType = text.xcconfig; name = "Pods-TNSDateInitializerDemo.xcconfig"; path = "Pods/Pods-TNSDateInitializerDemo.xcconfig"; sourceTree = "<group>"; };
		CB7B760A47AF7AFC82117082 /* TNSDateInitializerSpec.m */ = {isa = PBXFileReference; fileEncoding = 4; lastKnownFileType = sourcecode.c.objc; path = TNSDateInitializerSpec.m; sourceTree = "<group>"; };
/* End PBXFileReference section */

/* Begin PBXFrameworksBuildPhase section */
		B1EEA08618B5C55A00300D5A /* Frameworks */ = {
			isa = PBXFrameworksBuildPhase;
			buildActionMask = 2147483647;
			files = (
				B1EEA08F18B5C55A00300D5A /* CoreGraphics.framework in Frameworks */,
				B1EEA09118B5C55A00300D5A /* UIKit.framework in Frameworks */,
				B1EEA08D18B5C55A00300D5A /* Foundation.framework in Frameworks */,
				C273740BF3534453B8A6FDBF /* libPods-TNSDateInitializerDemo.a in Frameworks */,
			);
			runOnlyForDeploymentPostprocessing = 0;
		};
		B1EEA0A718B5C55A00300D5A /* Frameworks */ = {
			isa = PBXFrameworksBuildPhase;
			buildActionMask = 2147483647;
			files = (
				B1EEA0AC18B5C55A00300D5A /* XCTest.framework in Frameworks */,
				B1EEA0AE18B5C55A00300D5A /* UIKit.framework in Frameworks */,
				B1EEA0AD18B5C55A00300D5A /* Foundation.framework in Frameworks */,
				2B1B6EC4FB3646D590086C1C /* libPods-TNSDateInitializerDemoTests.a in Frameworks */,
			);
			runOnlyForDeploymentPostprocessing = 0;
		};
/* End PBXFrameworksBuildPhase section */

/* Begin PBXGroup section */
		B1EEA08018B5C55A00300D5A = {
			isa = PBXGroup;
			children = (
				B1EEA09218B5C55A00300D5A /* TNSDateInitializerDemo */,
				B1EEA0B118B5C55A00300D5A /* TNSDateInitializerDemoTests */,
				B1EEA08B18B5C55A00300D5A /* Frameworks */,
				B1EEA08A18B5C55A00300D5A /* Products */,
				B6FE6B7A113342AB8F2C300F /* Pods-TNSDateInitializerDemo.xcconfig */,
				84A4EC4B39F24D61AE0E1CB9 /* Pods-TNSDateInitializerDemoTests.xcconfig */,
			);
			sourceTree = "<group>";
		};
		B1EEA08A18B5C55A00300D5A /* Products */ = {
			isa = PBXGroup;
			children = (
				B1EEA08918B5C55A00300D5A /* TNSDateInitializerDemo.app */,
				B1EEA0AA18B5C55A00300D5A /* TNSDateInitializerDemoTests.xctest */,
			);
			name = Products;
			sourceTree = "<group>";
		};
		B1EEA08B18B5C55A00300D5A /* Frameworks */ = {
			isa = PBXGroup;
			children = (
				B1EEA08C18B5C55A00300D5A /* Foundation.framework */,
				B1EEA08E18B5C55A00300D5A /* CoreGraphics.framework */,
				B1EEA09018B5C55A00300D5A /* UIKit.framework */,
				B1EEA0AB18B5C55A00300D5A /* XCTest.framework */,
				60CD96CE3707495DA656B351 /* libPods-TNSDateInitializerDemo.a */,
				15E15F885F554CDDA17E444B /* libPods-TNSDateInitializerDemoTests.a */,
			);
			name = Frameworks;
			sourceTree = "<group>";
		};
		B1EEA09218B5C55A00300D5A /* TNSDateInitializerDemo */ = {
			isa = PBXGroup;
			children = (
				B1EEA09B18B5C55A00300D5A /* AppDelegate.h */,
				B1EEA09C18B5C55A00300D5A /* AppDelegate.m */,
				B1EEA09E18B5C55A00300D5A /* Main.storyboard */,
				B1EEA0A118B5C55A00300D5A /* ViewController.h */,
				B1EEA0A218B5C55A00300D5A /* ViewController.m */,
				B1EEA0A418B5C55A00300D5A /* Images.xcassets */,
				B1EEA09318B5C55A00300D5A /* Supporting Files */,
			);
			path = TNSDateInitializerDemo;
			sourceTree = "<group>";
		};
		B1EEA09318B5C55A00300D5A /* Supporting Files */ = {
			isa = PBXGroup;
			children = (
				B1EEA09418B5C55A00300D5A /* TNSDateInitializerDemo-Info.plist */,
				B1EEA09518B5C55A00300D5A /* InfoPlist.strings */,
				B1EEA09818B5C55A00300D5A /* main.m */,
				B1EEA09A18B5C55A00300D5A /* TNSDateInitializerDemo-Prefix.pch */,
			);
			name = "Supporting Files";
			sourceTree = "<group>";
		};
		B1EEA0B118B5C55A00300D5A /* TNSDateInitializerDemoTests */ = {
			isa = PBXGroup;
			children = (
				B1EEA0B218B5C55A00300D5A /* Supporting Files */,
				CB7B760A47AF7AFC82117082 /* TNSDateInitializerSpec.m */,
			);
			path = TNSDateInitializerDemoTests;
			sourceTree = "<group>";
		};
		B1EEA0B218B5C55A00300D5A /* Supporting Files */ = {
			isa = PBXGroup;
			children = (
				B1EEA0B318B5C55A00300D5A /* TNSDateInitializerDemoTests-Info.plist */,
				B1EEA0B418B5C55A00300D5A /* InfoPlist.strings */,
			);
			name = "Supporting Files";
			sourceTree = "<group>";
		};
/* End PBXGroup section */

/* Begin PBXNativeTarget section */
		B1EEA08818B5C55A00300D5A /* TNSDateInitializerDemo */ = {
			isa = PBXNativeTarget;
			buildConfigurationList = B1EEA0BB18B5C55A00300D5A /* Build configuration list for PBXNativeTarget "TNSDateInitializerDemo" */;
			buildPhases = (
				B989BF0E5D1B42AA905C42B9 /* Check Pods Manifest.lock */,
				B1EEA08518B5C55A00300D5A /* Sources */,
				B1EEA08618B5C55A00300D5A /* Frameworks */,
				B1EEA08718B5C55A00300D5A /* Resources */,
				7761920227AA4634B2883B24 /* Copy Pods Resources */,
			);
			buildRules = (
			);
			dependencies = (
			);
			name = TNSDateInitializerDemo;
			productName = TNSDateInitializerDemo;
			productReference = B1EEA08918B5C55A00300D5A /* TNSDateInitializerDemo.app */;
			productType = "com.apple.product-type.application";
		};
		B1EEA0A918B5C55A00300D5A /* TNSDateInitializerDemoTests */ = {
			isa = PBXNativeTarget;
			buildConfigurationList = B1EEA0BE18B5C55A00300D5A /* Build configuration list for PBXNativeTarget "TNSDateInitializerDemoTests" */;
			buildPhases = (
				4674309203814E1193FB7FFD /* Check Pods Manifest.lock */,
				B1EEA0A618B5C55A00300D5A /* Sources */,
				B1EEA0A718B5C55A00300D5A /* Frameworks */,
				B1EEA0A818B5C55A00300D5A /* Resources */,
				A37FC6F9AC494959951BF4E3 /* Copy Pods Resources */,
			);
			buildRules = (
			);
			dependencies = (
				B1EEA0B018B5C55A00300D5A /* PBXTargetDependency */,
			);
			name = TNSDateInitializerDemoTests;
			productName = TNSDateInitializerDemoTests;
			productReference = B1EEA0AA18B5C55A00300D5A /* TNSDateInitializerDemoTests.xctest */;
			productType = "com.apple.product-type.bundle.unit-test";
		};
/* End PBXNativeTarget section */

/* Begin PBXProject section */
		B1EEA08118B5C55A00300D5A /* Project object */ = {
			isa = PBXProject;
			attributes = {
				LastUpgradeCheck = 0500;
				ORGANIZATIONNAME = "Takuji Nishibayashi";
				TargetAttributes = {
					B1EEA0A918B5C55A00300D5A = {
						TestTargetID = B1EEA08818B5C55A00300D5A;
					};
				};
			};
			buildConfigurationList = B1EEA08418B5C55A00300D5A /* Build configuration list for PBXProject "TNSDateInitializerDemo" */;
			compatibilityVersion = "Xcode 3.2";
			developmentRegion = English;
			hasScannedForEncodings = 0;
			knownRegions = (
				en,
				Base,
			);
			mainGroup = B1EEA08018B5C55A00300D5A;
			productRefGroup = B1EEA08A18B5C55A00300D5A /* Products */;
			projectDirPath = "";
			projectReferences = (
			);
			projectRoot = "";
			targets = (
				B1EEA08818B5C55A00300D5A /* TNSDateInitializerDemo */,
				B1EEA0A918B5C55A00300D5A /* TNSDateInitializerDemoTests */,
			);
		};
/* End PBXProject section */

/* Begin PBXResourcesBuildPhase section */
		B1EEA08718B5C55A00300D5A /* Resources */ = {
			isa = PBXResourcesBuildPhase;
			buildActionMask = 2147483647;
			files = (
				B1EEA0A518B5C55A00300D5A /* Images.xcassets in Resources */,
				B1EEA09718B5C55A00300D5A /* InfoPlist.strings in Resources */,
				B1EEA0A018B5C55A00300D5A /* Main.storyboard in Resources */,
			);
			runOnlyForDeploymentPostprocessing = 0;
		};
		B1EEA0A818B5C55A00300D5A /* Resources */ = {
			isa = PBXResourcesBuildPhase;
			buildActionMask = 2147483647;
			files = (
				B1EEA0B618B5C55A00300D5A /* InfoPlist.strings in Resources */,
			);
			runOnlyForDeploymentPostprocessing = 0;
		};
/* End PBXResourcesBuildPhase section */

/* Begin PBXShellScriptBuildPhase section */
		4674309203814E1193FB7FFD /* Check Pods Manifest.lock */ = {
			isa = PBXShellScriptBuildPhase;
			buildActionMask = 2147483647;
			files = (
			);
			inputPaths = (
			);
			name = "Check Pods Manifest.lock";
			outputPaths = (
			);
			runOnlyForDeploymentPostprocessing = 0;
			shellPath = /bin/sh;
			shellScript = "diff \"${PODS_ROOT}/../Podfile.lock\" \"${PODS_ROOT}/Manifest.lock\" > /dev/null\nif [[ $? != 0 ]] ; then\n    cat << EOM\nerror: The sandbox is not in sync with the Podfile.lock. Run 'pod install' or update your CocoaPods installation.\nEOM\n    exit 1\nfi\n";
			showEnvVarsInLog = 0;
		};
		7761920227AA4634B2883B24 /* Copy Pods Resources */ = {
			isa = PBXShellScriptBuildPhase;
			buildActionMask = 2147483647;
			files = (
			);
			inputPaths = (
			);
			name = "Copy Pods Resources";
			outputPaths = (
			);
			runOnlyForDeploymentPostprocessing = 0;
			shellPath = /bin/sh;
			shellScript = "\"${SRCROOT}/Pods/Pods-TNSDateInitializerDemo-resources.sh\"\n";
			showEnvVarsInLog = 0;
		};
		A37FC6F9AC494959951BF4E3 /* Copy Pods Resources */ = {
			isa = PBXShellScriptBuildPhase;
			buildActionMask = 2147483647;
			files = (
			);
			inputPaths = (
			);
			name = "Copy Pods Resources";
			outputPaths = (
			);
			runOnlyForDeploymentPostprocessing = 0;
			shellPath = /bin/sh;
			shellScript = "\"${SRCROOT}/Pods/Pods-TNSDateInitializerDemoTests-resources.sh\"\n";
			showEnvVarsInLog = 0;
		};
		B989BF0E5D1B42AA905C42B9 /* Check Pods Manifest.lock */ = {
			isa = PBXShellScriptBuildPhase;
			buildActionMask = 2147483647;
			files = (
			);
			inputPaths = (
			);
			name = "Check Pods Manifest.lock";
			outputPaths = (
			);
			runOnlyForDeploymentPostprocessing = 0;
			shellPath = /bin/sh;
			shellScript = "diff \"${PODS_ROOT}/../Podfile.lock\" \"${PODS_ROOT}/Manifest.lock\" > /dev/null\nif [[ $? != 0 ]] ; then\n    cat << EOM\nerror: The sandbox is not in sync with the Podfile.lock. Run 'pod install' or update your CocoaPods installation.\nEOM\n    exit 1\nfi\n";
			showEnvVarsInLog = 0;
		};
/* End PBXShellScriptBuildPhase section */

/* Begin PBXSourcesBuildPhase section */
		B1EEA08518B5C55A00300D5A /* Sources */ = {
			isa = PBXSourcesBuildPhase;
			buildActionMask = 2147483647;
			files = (
				B1EEA0A318B5C55A00300D5A /* ViewController.m in Sources */,
				B1EEA09D18B5C55A00300D5A /* AppDelegate.m in Sources */,
				B1EEA09918B5C55A00300D5A /* main.m in Sources */,
			);
			runOnlyForDeploymentPostprocessing = 0;
		};
		B1EEA0A618B5C55A00300D5A /* Sources */ = {
			isa = PBXSourcesBuildPhase;
			buildActionMask = 2147483647;
			files = (
				CB7B762A34279ACB850C9763 /* TNSDateInitializerSpec.m in Sources */,
			);
			runOnlyForDeploymentPostprocessing = 0;
		};
/* End PBXSourcesBuildPhase section */

/* Begin PBXTargetDependency section */
		B1EEA0B018B5C55A00300D5A /* PBXTargetDependency */ = {
			isa = PBXTargetDependency;
			target = B1EEA08818B5C55A00300D5A /* TNSDateInitializerDemo */;
			targetProxy = B1EEA0AF18B5C55A00300D5A /* PBXContainerItemProxy */;
		};
/* End PBXTargetDependency section */

/* Begin PBXVariantGroup section */
		B1EEA09518B5C55A00300D5A /* InfoPlist.strings */ = {
			isa = PBXVariantGroup;
			children = (
				B1EEA09618B5C55A00300D5A /* en */,
			);
			name = InfoPlist.strings;
			sourceTree = "<group>";
		};
		B1EEA09E18B5C55A00300D5A /* Main.storyboard */ = {
			isa = PBXVariantGroup;
			children = (
				B1EEA09F18B5C55A00300D5A /* Base */,
			);
			name = Main.storyboard;
			sourceTree = "<group>";
		};
		B1EEA0B418B5C55A00300D5A /* InfoPlist.strings */ = {
			isa = PBXVariantGroup;
			children = (
				B1EEA0B518B5C55A00300D5A /* en */,
			);
			name = InfoPlist.strings;
			sourceTree = "<group>";
		};
/* End PBXVariantGroup section */

/* Begin XCBuildConfiguration section */
		B1EEA0B918B5C55A00300D5A /* Debug */ = {
			isa = XCBuildConfiguration;
			buildSettings = {
				ALWAYS_SEARCH_USER_PATHS = NO;
				ARCHS = "$(ARCHS_STANDARD_INCLUDING_64_BIT)";
				CLANG_CXX_LANGUAGE_STANDARD = "gnu++0x";
				CLANG_CXX_LIBRARY = "libc++";
				CLANG_ENABLE_MODULES = YES;
				CLANG_ENABLE_OBJC_ARC = YES;
				CLANG_WARN_BOOL_CONVERSION = YES;
				CLANG_WARN_CONSTANT_CONVERSION = YES;
				CLANG_WARN_DIRECT_OBJC_ISA_USAGE = YES_ERROR;
				CLANG_WARN_EMPTY_BODY = YES;
				CLANG_WARN_ENUM_CONVERSION = YES;
				CLANG_WARN_INT_CONVERSION = YES;
				CLANG_WARN_OBJC_ROOT_CLASS = YES_ERROR;
				CLANG_WARN__DUPLICATE_METHOD_MATCH = YES;
				"CODE_SIGN_IDENTITY[sdk=iphoneos*]" = "iPhone Developer";
				COPY_PHASE_STRIP = NO;
				GCC_C_LANGUAGE_STANDARD = gnu99;
				GCC_DYNAMIC_NO_PIC = NO;
				GCC_OPTIMIZATION_LEVEL = 0;
				GCC_PREPROCESSOR_DEFINITIONS = (
					"DEBUG=1",
					"$(inherited)",
				);
				GCC_SYMBOLS_PRIVATE_EXTERN = NO;
				GCC_WARN_64_TO_32_BIT_CONVERSION = YES;
				GCC_WARN_ABOUT_RETURN_TYPE = YES_ERROR;
				GCC_WARN_UNDECLARED_SELECTOR = YES;
				GCC_WARN_UNINITIALIZED_AUTOS = YES;
				GCC_WARN_UNUSED_FUNCTION = YES;
				GCC_WARN_UNUSED_VARIABLE = YES;
				IPHONEOS_DEPLOYMENT_TARGET = 7.0;
				ONLY_ACTIVE_ARCH = YES;
				SDKROOT = iphoneos;
			};
			name = Debug;
		};
		B1EEA0BA18B5C55A00300D5A /* Release */ = {
			isa = XCBuildConfiguration;
			buildSettings = {
				ALWAYS_SEARCH_USER_PATHS = NO;
				ARCHS = "$(ARCHS_STANDARD_INCLUDING_64_BIT)";
				CLANG_CXX_LANGUAGE_STANDARD = "gnu++0x";
				CLANG_CXX_LIBRARY = "libc++";
				CLANG_ENABLE_MODULES = YES;
				CLANG_ENABLE_OBJC_ARC = YES;
				CLANG_WARN_BOOL_CONVERSION = YES;
				CLANG_WARN_CONSTANT_CONVERSION = YES;
				CLANG_WARN_DIRECT_OBJC_ISA_USAGE = YES_ERROR;
				CLANG_WARN_EMPTY_BODY = YES;
				CLANG_WARN_ENUM_CONVERSION = YES;
				CLANG_WARN_INT_CONVERSION = YES;
				CLANG_WARN_OBJC_ROOT_CLASS = YES_ERROR;
				CLANG_WARN__DUPLICATE_METHOD_MATCH = YES;
				"CODE_SIGN_IDENTITY[sdk=iphoneos*]" = "iPhone Developer";
				COPY_PHASE_STRIP = YES;
				ENABLE_NS_ASSERTIONS = NO;
				GCC_C_LANGUAGE_STANDARD = gnu99;
				GCC_WARN_64_TO_32_BIT_CONVERSION = YES;
				GCC_WARN_ABOUT_RETURN_TYPE = YES_ERROR;
				GCC_WARN_UNDECLARED_SELECTOR = YES;
				GCC_WARN_UNINITIALIZED_AUTOS = YES;
				GCC_WARN_UNUSED_FUNCTION = YES;
				GCC_WARN_UNUSED_VARIABLE = YES;
				IPHONEOS_DEPLOYMENT_TARGET = 7.0;
				SDKROOT = iphoneos;
				VALIDATE_PRODUCT = YES;
			};
			name = Release;
		};
		B1EEA0BC18B5C55A00300D5A /* Debug */ = {
			isa = XCBuildConfiguration;
			baseConfigurationReference = B6FE6B7A113342AB8F2C300F /* Pods-TNSDateInitializerDemo.xcconfig */;
			buildSettings = {
				ASSETCATALOG_COMPILER_APPICON_NAME = AppIcon;
				ASSETCATALOG_COMPILER_LAUNCHIMAGE_NAME = LaunchImage;
				GCC_PRECOMPILE_PREFIX_HEADER = YES;
				GCC_PREFIX_HEADER = "TNSDateInitializerDemo/TNSDateInitializerDemo-Prefix.pch";
				INFOPLIST_FILE = "TNSDateInitializerDemo/TNSDateInitializerDemo-Info.plist";
				PRODUCT_NAME = "$(TARGET_NAME)";
				WRAPPER_EXTENSION = app;
			};
			name = Debug;
		};
		B1EEA0BD18B5C55A00300D5A /* Release */ = {
			isa = XCBuildConfiguration;
			baseConfigurationReference = B6FE6B7A113342AB8F2C300F /* Pods-TNSDateInitializerDemo.xcconfig */;
			buildSettings = {
				ASSETCATALOG_COMPILER_APPICON_NAME = AppIcon;
				ASSETCATALOG_COMPILER_LAUNCHIMAGE_NAME = LaunchImage;
				GCC_PRECOMPILE_PREFIX_HEADER = YES;
				GCC_PREFIX_HEADER = "TNSDateInitializerDemo/TNSDateInitializerDemo-Prefix.pch";
				INFOPLIST_FILE = "TNSDateInitializerDemo/TNSDateInitializerDemo-Info.plist";
				PRODUCT_NAME = "$(TARGET_NAME)";
				WRAPPER_EXTENSION = app;
			};
			name = Release;
		};
		B1EEA0BF18B5C55A00300D5A /* Debug */ = {
			isa = XCBuildConfiguration;
			baseConfigurationReference = 84A4EC4B39F24D61AE0E1CB9 /* Pods-TNSDateInitializerDemoTests.xcconfig */;
			buildSettings = {
				ARCHS = "$(ARCHS_STANDARD_INCLUDING_64_BIT)";
				BUNDLE_LOADER = "$(BUILT_PRODUCTS_DIR)/TNSDateInitializerDemo.app/TNSDateInitializerDemo";
				FRAMEWORK_SEARCH_PATHS = (
					"$(SDKROOT)/Developer/Library/Frameworks",
					"$(inherited)",
					"$(DEVELOPER_FRAMEWORKS_DIR)",
				);
				GCC_PRECOMPILE_PREFIX_HEADER = YES;
				GCC_PREFIX_HEADER = "TNSDateInitializerDemo/TNSDateInitializerDemo-Prefix.pch";
				GCC_PREPROCESSOR_DEFINITIONS = (
					"DEBUG=1",
					"$(inherited)",
				);
				INFOPLIST_FILE = "TNSDateInitializerDemoTests/TNSDateInitializerDemoTests-Info.plist";
				PRODUCT_NAME = "$(TARGET_NAME)";
				TEST_HOST = "$(BUNDLE_LOADER)";
				WRAPPER_EXTENSION = xctest;
			};
			name = Debug;
		};
		B1EEA0C018B5C55A00300D5A /* Release */ = {
			isa = XCBuildConfiguration;
			baseConfigurationReference = 84A4EC4B39F24D61AE0E1CB9 /* Pods-TNSDateInitializerDemoTests.xcconfig */;
			buildSettings = {
				ARCHS = "$(ARCHS_STANDARD_INCLUDING_64_BIT)";
				BUNDLE_LOADER = "$(BUILT_PRODUCTS_DIR)/TNSDateInitializerDemo.app/TNSDateInitializerDemo";
				FRAMEWORK_SEARCH_PATHS = (
					"$(SDKROOT)/Developer/Library/Frameworks",
					"$(inherited)",
					"$(DEVELOPER_FRAMEWORKS_DIR)",
				);
				GCC_PRECOMPILE_PREFIX_HEADER = YES;
				GCC_PREFIX_HEADER = "TNSDateInitializerDemo/TNSDateInitializerDemo-Prefix.pch";
				INFOPLIST_FILE = "TNSDateInitializerDemoTests/TNSDateInitializerDemoTests-Info.plist";
				PRODUCT_NAME = "$(TARGET_NAME)";
				TEST_HOST = "$(BUNDLE_LOADER)";
				WRAPPER_EXTENSION = xctest;
			};
			name = Release;
		};
/* End XCBuildConfiguration section */

/* Begin XCConfigurationList section */
		B1EEA08418B5C55A00300D5A /* Build configuration list for PBXProject "TNSDateInitializerDemo" */ = {
			isa = XCConfigurationList;
			buildConfigurations = (
				B1EEA0B918B5C55A00300D5A /* Debug */,
				B1EEA0BA18B5C55A00300D5A /* Release */,
			);
			defaultConfigurationIsVisible = 0;
			defaultConfigurationName = Release;
		};
		B1EEA0BB18B5C55A00300D5A /* Build configuration list for PBXNativeTarget "TNSDateInitializerDemo" */ = {
			isa = XCConfigurationList;
			buildConfigurations = (
				B1EEA0BC18B5C55A00300D5A /* Debug */,
				B1EEA0BD18B5C55A00300D5A /* Release */,
			);
			defaultConfigurationIsVisible = 0;
		};
		B1EEA0BE18B5C55A00300D5A /* Build configuration list for PBXNativeTarget "TNSDateInitializerDemoTests" */ = {
			isa = XCConfigurationList;
			buildConfigurations = (
				B1EEA0BF18B5C55A00300D5A /* Debug */,
				B1EEA0C018B5C55A00300D5A /* Release */,
			);
			defaultConfigurationIsVisible = 0;
		};
/* End XCConfigurationList section */
	};
	rootObject = B1EEA08118B5C55A00300D5A /* Project object */;
}
