PODS:
  - Kiwi/ARC (2.2.3)
  - Kiwi/NonARC (2.2.3)
  - Kiwi/XCTest (2.2.3):
    - Kiwi/ARC
    - Kiwi/NonARC
  - NSDate-TNSDateInitializer (0.0.1)

DEPENDENCIES:
  - Kiwi/XCTest (~> 2.2.3)
  - NSDate-TNSDateInitializer (from `../NSDate-TNSDateInitializer.podspec`)

EXTERNAL SOURCES:
  NSDate-TNSDateInitializer:
    :path: ../NSDate-TNSDateInitializer.podspec

SPEC CHECKSUMS:
  Kiwi: 04c51e880831d291748ec702d42c4101f7eb95c9
  NSDate-TNSDateInitializer: fb9c00175b537ecd67bc3679ddf8ad98ddbf280e

COCOAPODS: 0.29.0
