<?xml version="1.0" encoding="UTF-8"?>
<Scheme
   version = "1.3">
   <BuildAction>
      <BuildActionEntries>
         <BuildActionEntry
            buildForRunning = "YES"
            buildForTesting = "YES">
            <BuildableReference
               BuildableIdentifier = "primary"
               BlueprintIdentifier = "B1EEA0A918B5C55A00300D5A"
               BuildableName = "TNSDateInitializerDemoTests.xctest"
               BlueprintName = "TNSDateInitializerDemoTests"
               ReferencedContainer = "container:TNSDateInitializerDemo.xcodeproj">
            </BuildableReference>
         </BuildActionEntry>
      </BuildActionEntries>
   </BuildAction>
   <TestAction
      buildConfiguration = "Debug">
      <Testables>
         <TestableReference>
            <BuildableReference
               BuildableIdentifier = "primary"
               BlueprintIdentifier = "B1EEA0A918B5C55A00300D5A"
               BuildableName = "TNSDateInitializerDemoTests.xctest"
               BlueprintName = "TNSDateInitializerDemoTests"
               ReferencedContainer = "container:TNSDateInitializerDemo.xcodeproj">
            </BuildableReference>
         </TestableReference>
      </Testables>
   </TestAction>
   <LaunchAction
      useCustomWorkingDirectory = "NO">
   </LaunchAction>
</Scheme>
